
Microsoft Visual Studio Solution File, Format Version 12.00
# Visual Studio Version 16
VisualStudioVersion = 16.0.30611.23
MinimumVisualStudioVersion = 10.0.40219.1
Project("{9A19103F-16F7-4668-BE54-9A1E7A4F7556}") = "XMl_Lab2", "XMl_Lab2\XMl_Lab2.csproj", "{26BAFAF2-0940-40E3-919B-82128D792BEA}"
EndProject
Project("{9A19103F-16F7-4668-BE54-9A1E7A4F7556}") = "Test", "Test\Test.csproj", "{C2B7497C-324D-4EB1-94B8-A1D3CDD87858}"
EndProject
Project("{FAE04EC0-301F-11D3-BF4B-00C04F79EFBC}") = "XMl_Lab2Tests", "XMl_Lab2Tests\XMl_Lab2Tests.csproj", "{A9587587-2CD2-45BB-9BAD-52B587163307}"
EndProject
Global
	GlobalSection(SolutionConfigurationPlatforms) = preSolution
		Debug|Any CPU = Debug|Any CPU
		Release|Any CPU = Release|Any CPU
	EndGlobalSection
	GlobalSection(ProjectConfigurationPlatforms) = postSolution
		{26BAFAF2-0940-40E3-919B-82128D792BEA}.Debug|Any CPU.ActiveCfg = Debug|Any CPU
		{26BAFAF2-0940-40E3-919B-82128D792BEA}.Debug|Any CPU.Build.0 = Debug|Any CPU
		{26BAFAF2-0940-40E3-919B-82128D792BEA}.Release|Any CPU.ActiveCfg = Release|Any CPU
		{26BAFAF2-0940-40E3-919B-82128D792BEA}.Release|Any CPU.Build.0 = Release|Any CPU
		{C2B7497C-324D-4EB1-94B8-A1D3CDD87858}.Debug|Any CPU.ActiveCfg = Debug|Any CPU
		{C2B7497C-324D-4EB1-94B8-A1D3CDD87858}.Debug|Any CPU.Build.0 = Debug|Any CPU
		{C2B7497C-324D-4EB1-94B8-A1D3CDD87858}.Release|Any CPU.ActiveCfg = Release|Any CPU
		{C2B7497C-324D-4EB1-94B8-A1D3CDD87858}.Release|Any CPU.Build.0 = Release|Any CPU
		{A9587587-2CD2-45BB-9BAD-52B587163307}.Debug|Any CPU.ActiveCfg = Debug|Any CPU
		{A9587587-2CD2-45BB-9BAD-52B587163307}.Debug|Any CPU.Build.0 = Debug|Any CPU
		{A9587587-2CD2-45BB-9BAD-52B587163307}.Release|Any CPU.ActiveCfg = Release|Any CPU
		{A9587587-2CD2-45BB-9BAD-52B587163307}.Release|Any CPU.Build.0 = Release|Any CPU
	EndGlobalSection
	GlobalSection(SolutionProperties) = preSolution
		HideSolutionNode = FALSE
	EndGlobalSection
	GlobalSection(ExtensibilityGlobals) = postSolution
		SolutionGuid = {7FC7F0B6-5D1F-4D03-AD13-F201BFCA5882}
	EndGlobalSection
EndGlobal
